PODS:
  - AASignatureView (1.0)
  - AFNetworking (4.0.1):
    - AFNetworking/NSURLSession (= 4.0.1)
    - AFNetworking/Reachability (= 4.0.1)
    - AFNetworking/Security (= 4.0.1)
    - AFNetworking/Serialization (= 4.0.1)
    - AFNetworking/UIKit (= 4.0.1)
  - AFNetworking/NSURLSession (4.0.1):
    - AFNetworking/Reachability
    - AFNetworking/Security
    - AFNetworking/Serialization
  - AFNetworking/Reachability (4.0.1)
  - AFNetworking/Security (4.0.1)
  - AFNetworking/Serialization (4.0.1)
  - AFNetworking/UIKit (4.0.1):
    - AFNetworking/NSURLSession
  - Alamofire (5.4.3)
  - Firebase/Analytics (7.11.0):
    - Firebase/Core
  - Firebase/Core (7.11.0):
    - Firebase/CoreOnly
    - FirebaseAnalytics (~> 7.11.0)
  - Firebase/CoreOnly (7.11.0):
    - FirebaseCore (= 7.11.0)
  - Firebase/DynamicLinks (7.11.0):
    - Firebase/CoreOnly
    - FirebaseDynamicLinks (~> 7.11.0)
  - Firebase/Messaging (7.11.0):
    - Firebase/CoreOnly
    - FirebaseMessaging (~> 7.11.0)
  - FirebaseAnalytics (7.11.0):
    - FirebaseAnalytics/AdIdSupport (= 7.11.0)
    - FirebaseCore (~> 7.0)
    - FirebaseInstallations (~> 7.0)
    - GoogleUtilities/AppDelegateSwizzler (~> 7.0)
    - GoogleUtilities/MethodSwizzler (~> 7.0)
    - GoogleUtilities/Network (~> 7.0)
    - "GoogleUtilities/NSData+zlib (~> 7.0)"
    - nanopb (~> 2.30908.0)
  - FirebaseAnalytics/AdIdSupport (7.11.0):
    - FirebaseAnalytics/Base (= 7.11.0)
    - FirebaseCore (~> 7.0)
    - FirebaseInstallations (~> 7.0)
    - GoogleAppMeasurement/AdIdSupport (= 7.11.0)
    - GoogleUtilities/AppDelegateSwizzler (~> 7.0)
    - GoogleUtilities/MethodSwizzler (~> 7.0)
    - GoogleUtilities/Network (~> 7.0)
    - "GoogleUtilities/NSData+zlib (~> 7.0)"
    - nanopb (~> 2.30908.0)
  - FirebaseAnalytics/Base (7.11.0):
    - FirebaseCore (~> 7.0)
    - FirebaseInstallations (~> 7.0)
    - GoogleUtilities/AppDelegateSwizzler (~> 7.0)
    - GoogleUtilities/MethodSwizzler (~> 7.0)
    - GoogleUtilities/Network (~> 7.0)
    - "GoogleUtilities/NSData+zlib (~> 7.0)"
    - nanopb (~> 2.30908.0)
  - FirebaseCore (7.11.0):
    - FirebaseCoreDiagnostics (~> 7.4)
    - GoogleUtilities/Environment (~> 7.0)
    - GoogleUtilities/Logger (~> 7.0)
  - FirebaseCoreDiagnostics (7.11.0):
    - GoogleDataTransport (~> 8.4)
    - GoogleUtilities/Environment (~> 7.0)
    - GoogleUtilities/Logger (~> 7.0)
    - nanopb (~> 2.30908.0)
  - FirebaseDynamicLinks (7.11.0):
    - FirebaseCore (~> 7.0)
  - FirebaseInstallations (7.11.0):
    - FirebaseCore (~> 7.0)
    - GoogleUtilities/Environment (~> 7.0)
    - GoogleUtilities/UserDefaults (~> 7.0)
    - PromisesObjC (~> 1.2)
  - FirebaseInstanceID (7.11.0):
    - FirebaseCore (~> 7.0)
    - FirebaseInstallations (~> 7.0)
    - GoogleUtilities/Environment (~> 7.0)
    - GoogleUtilities/UserDefaults (~> 7.0)
  - FirebaseMessaging (7.11.0):
    - FirebaseCore (~> 7.0)
    - FirebaseInstallations (~> 7.0)
    - FirebaseInstanceID (~> 7.0)
    - GoogleUtilities/AppDelegateSwizzler (~> 7.0)
    - GoogleUtilities/Environment (~> 7.0)
    - GoogleUtilities/Reachability (~> 7.0)
    - GoogleUtilities/UserDefaults (~> 7.0)
  - FSCalendar (2.8.2)
  - GoogleAppMeasurement/AdIdSupport (7.11.0):
    - GoogleUtilities/AppDelegateSwizzler (~> 7.0)
    - GoogleUtilities/MethodSwizzler (~> 7.0)
    - GoogleUtilities/Network (~> 7.0)
    - "GoogleUtilities/NSData+zlib (~> 7.0)"
    - nanopb (~> 2.30908.0)
  - GoogleDataTransport (8.4.0):
    - GoogleUtilities/Environment (~> 7.2)
    - nanopb (~> 2.30908.0)
    - PromisesObjC (~> 1.2)
  - GoogleUtilities/AppDelegateSwizzler (7.4.0):
    - GoogleUtilities/Environment
    - GoogleUtilities/Logger
    - GoogleUtilities/Network
  - GoogleUtilities/Environment (7.4.0):
    - PromisesObjC (~> 1.2)
  - GoogleUtilities/Logger (7.4.0):
    - GoogleUtilities/Environment
  - GoogleUtilities/MethodSwizzler (7.4.0):
    - GoogleUtilities/Logger
  - GoogleUtilities/Network (7.4.0):
    - GoogleUtilities/Logger
    - "GoogleUtilities/NSData+zlib"
    - GoogleUtilities/Reachability
  - "GoogleUtilities/NSData+zlib (7.4.0)"
  - GoogleUtilities/Reachability (7.4.0):
    - GoogleUtilities/Logger
  - GoogleUtilities/UserDefaults (7.4.0):
    - GoogleUtilities/Logger
  - HSAttachmentPicker (1.2.0)
  - iOSDropDown (0.3.4)
  - IQKeyboardManager (6.5.6)
  - JVFloatLabeledTextField (1.2.2)
  - MagicTimer (1.0.2)
  - MaterialTextField (1.0.1)
  - nanopb (2.30908.0):
    - nanopb/decode (= 2.30908.0)
    - nanopb/encode (= 2.30908.0)
  - nanopb/decode (2.30908.0)
  - nanopb/encode (2.30908.0)
  - NVActivityIndicatorView (5.1.1):
    - NVActivityIndicatorView/Base (= 5.1.1)
  - NVActivityIndicatorView/Base (5.1.1)
  - PromisesObjC (1.2.12)
  - RSColourSlider (1.0.7)
  - SDWebImage (5.11.1):
    - SDWebImage/Core (= 5.11.1)
  - SDWebImage/Core (5.11.1)
  - SideMenu (6.5.0)
  - SteppableSlider (0.1.0):
    - SteppableSlider/Core (= 0.1.0)
  - SteppableSlider/Core (0.1.0)
  - SwiftDate (5.1.0)
  - SwiftPullToRefresh (3.1.1)
  - Toast-Swift (5.0.1)
  - TwilioChatClient (4.2.1)
  - TwilioVideo (4.4.0)
  - TwilioVoice (6.2.2)
  - "UIView+draggable (1.1.0)"
  - VeloxDownloader (1.6)

DEPENDENCIES:
  - AASignatureView
  - AFNetworking
  - Alamofire
  - Firebase/Analytics
  - Firebase/Core
  - Firebase/DynamicLinks
  - Firebase/Messaging
  - FSCalendar
  - HSAttachmentPicker
  - iOSDropDown
  - IQKeyboardManager
  - JVFloatLabeledTextField
  - MagicTimer
  - MaterialTextField
  - NVActivityIndicatorView
  - RSColourSlider
  - SDWebImage
  - SideMenu
  - SteppableSlider
  - SwiftDate (~> 5.0)
  - SwiftPullToRefresh
  - Toast-Swift
  - TwilioChatClient
  - TwilioVideo
  - TwilioVoice
  - "UIView+draggable"
  - VeloxDownloader (~> 1.6)

SPEC REPOS:
  trunk:
    - AASignatureView
    - AFNetworking
    - Alamofire
    - Firebase
    - FirebaseAnalytics
    - FirebaseCore
    - FirebaseCoreDiagnostics
    - FirebaseDynamicLinks
    - FirebaseInstallations
    - FirebaseInstanceID
    - FirebaseMessaging
    - FSCalendar
    - GoogleAppMeasurement
    - GoogleDataTransport
    - GoogleUtilities
    - HSAttachmentPicker
    - iOSDropDown
    - IQKeyboardManager
    - JVFloatLabeledTextField
    - MagicTimer
    - MaterialTextField
    - nanopb
    - NVActivityIndicatorView
    - PromisesObjC
    - RSColourSlider
    - SDWebImage
    - SideMenu
    - SteppableSlider
    - SwiftDate
    - SwiftPullToRefresh
    - Toast-Swift
    - TwilioChatClient
    - TwilioVideo
    - TwilioVoice
    - "UIView+draggable"
    - VeloxDownloader

SPEC CHECKSUMS:
  AASignatureView: f092f7f063ee37b5baf6f4e8ee2f848833cc70aa
  AFNetworking: 7864c38297c79aaca1500c33288e429c3451fdce
  Alamofire: e447a2774a40c996748296fa2c55112fdbbc42f9
  Firebase: c121feb35e4126c0b355e3313fa9b487d47319fd
  FirebaseAnalytics: cd3bd84d722a24a8923918af8af8e5236f615d77
  FirebaseCore: 907447d8917a4d3eb0cce2829c5a0ad21d90b432
  FirebaseCoreDiagnostics: 68ad972f99206cef818230f3f3179d52ccfb7f8c
  FirebaseDynamicLinks: 07f101c20bb40fd39f6b3e5278a64a5f2f660dc1
  FirebaseInstallations: a58d4f72ec5861840b84df489f2668d970df558a
  FirebaseInstanceID: ad5135045a498d7775903efd39762d2cdfa1be27
  FirebaseMessaging: 163435fb6db065e3b6228f1e577b10ed2cc506d2
  FSCalendar: e6a2eb9c571bf0719ed797ef807e08426753c241
  GoogleAppMeasurement: fd19169c3034975cb934e865e5667bfdce59df7f
  GoogleDataTransport: cd9db2180fcecd8da1b561aea31e3e56cf834aa7
  GoogleUtilities: 284cddc7fffc14ae1907efb6f78ab95c1fccaedc
  HSAttachmentPicker: 17ffd7e0819992a09f9126f51e9450332094de1c
  iOSDropDown: c10a761f9a00c3f1cc9d3bce43ae504628e2f692
  IQKeyboardManager: 2a6e97afdafc7becf0cb17a9a8d795e3a980717f
  JVFloatLabeledTextField: df48598472ee015701d509f43e59492a0d4ca208
  MagicTimer: 6a5b2cc15f7e66f98536966cb51876c6200e6d8b
  MaterialTextField: f1a0786588e4d3610cb9bb62d2adbe9777cebbf9
  nanopb: a0ba3315591a9ae0a16a309ee504766e90db0c96
  NVActivityIndicatorView: 1f6c5687f1171810aa27a3296814dc2d7dec3667
  PromisesObjC: 3113f7f76903778cf4a0586bd1ab89329a0b7b97
  RSColourSlider: 0f09ffdcc3bf1969a2fbe11a0708f8d59b288823
  SDWebImage: a7f831e1a65eb5e285e3fb046a23fcfbf08e696d
  SideMenu: f583187d21c5b1dd04c72002be544b555a2627a2
  SteppableSlider: 298a795befede08e4a558417fe566d7852b272a6
  SwiftDate: 6329e58969a2de31cea7f1ee1143b247693196e7
  SwiftPullToRefresh: f61d67439c5b8d66420fe57193cab8c279398e7a
  Toast-Swift: 9b6a70f28b3bf0b96c40d46c0c4b9d6639846711
  TwilioChatClient: 7eae02efb2a0882c4cbe39cbb0ba6129681f6fe5
  TwilioVideo: fcf10b7460e582570887d194b73e75425685d813
  TwilioVoice: f31bf7cd026fd0a72b102345d29d920be71a2290
  "UIView+draggable": ddfbeb6bdfdeba63d9ccf32dc9be2b66cc589717
  VeloxDownloader: af352622cdc059830d94ca3ea013aaa3380db14d

PODFILE CHECKSUM: 6db9416cc96a6a734d84c8e88dcd5a2d11f0f484

COCOAPODS: 1.11.2
